{
  "name": "set-email-sender-to-parent-queue",
  "version": "1.0.0",
  "lockfileVersion": 2,
  "requires": true,
  "packages": {
    "": {
      "version": "1.0.0",
      "license": "MIT",
      "bin": {
        "set-email-sender-to-parent-queue": "setEmailSenderToQueue.js"
      },
      "devDependencies": {
        "@types/xrm": "^9.0.39",
        "typescript": "^4.2.4"
      }
    },
    "node_modules/@types/xrm": {
      "version": "9.0.39",
      "resolved": "https://registry.npmjs.org/@types/xrm/-/xrm-9.0.39.tgz",
      "integrity": "sha512-EMX0Bsim8t21qCn2Lc4Fa5oOAszj01BR3QvPLIm+MD8zsSeLiMKog37M7qiMmGhN534wNE1xZJv5spD8Ee+dWA==",
      "dev": true
    },
    "node_modules/typescript": {
      "version": "4.2.4",
      "resolved": "https://registry.npmjs.org/typescript/-/typescript-4.2.4.tgz",
      "integrity": "sha512-V+evlYHZnQkaz8TRBuxTA92yZBPotr5H+WhQ7bD3hZUndx5tGOa1fuCgeSjxAzM1RiN5IzvadIXTVefuuwZCRg==",
      "dev": true,
      "bin": {
        "tsc": "bin/tsc",
        "tsserver": "bin/tsserver"
      },
      "engines": {
        "node": ">=4.2.0"
      }
    }
  },
  "dependencies": {
    "@types/xrm": {
      "version": "9.0.39",
      "resolved": "https://registry.npmjs.org/@types/xrm/-/xrm-9.0.39.tgz",
      "integrity": "sha512-EMX0Bsim8t21qCn2Lc4Fa5oOAszj01BR3QvPLIm+MD8zsSeLiMKog37M7qiMmGhN534wNE1xZJv5spD8Ee+dWA==",
      "dev": true
    },
    "typescript": {
      "version": "4.2.4",
      "resolved": "https://registry.npmjs.org/typescript/-/typescript-4.2.4.tgz",
      "integrity": "sha512-V+evlYHZnQkaz8TRBuxTA92yZBPotr5H+WhQ7bD3hZUndx5tGOa1fuCgeSjxAzM1RiN5IzvadIXTVefuuwZCRg==",
      "dev": true
    }
  }
}
